
Microsoft Visual Studio Solution File, Format Version 12.00
Project("{FAE04EC0-301F-11D3-BF4B-00C04F79EFBC}") = "ECM.Data", "ECM.Data\ECM.Data.csproj", "{4D054A32-53DF-45EF-94DD-D9C19242825B}"
EndProject
Project("{FAE04EC0-301F-11D3-BF4B-00C04F79EFBC}") = "ECM.Web", "ECM.Web\ECM.Web.csproj", "{2FE8FAF5-02D1-48C2-B722-4A12D281FBE2}"
EndProject
Project("{FAE04EC0-301F-11D3-BF4B-00C04F79EFBC}") = "ECM.Test", "ECM.Test\ECM.Test.csproj", "{0DD90372-ECB0-466A-8D4F-8DC989E0A715}"
EndProject
Project("{FAE04EC0-301F-11D3-BF4B-00C04F79EFBC}") = "ECM.Api", "ECM.Api\ECM.Api.csproj", "{F0C258B0-0A72-4BA0-9674-4011EEC34F70}"
EndProject
Global
	GlobalSection(SolutionConfigurationPlatforms) = preSolution
		Debug|Any CPU = Debug|Any CPU
		Release|Any CPU = Release|Any CPU
	EndGlobalSection
	GlobalSection(ProjectConfigurationPlatforms) = postSolution
		{4D054A32-53DF-45EF-94DD-D9C19242825B}.Debug|Any CPU.ActiveCfg = Debug|Any CPU
		{4D054A32-53DF-45EF-94DD-D9C19242825B}.Debug|Any CPU.Build.0 = Debug|Any CPU
		{4D054A32-53DF-45EF-94DD-D9C19242825B}.Release|Any CPU.ActiveCfg = Release|Any CPU
		{4D054A32-53DF-45EF-94DD-D9C19242825B}.Release|Any CPU.Build.0 = Release|Any CPU
		{2FE8FAF5-02D1-48C2-B722-4A12D281FBE2}.Debug|Any CPU.ActiveCfg = Debug|Any CPU
		{2FE8FAF5-02D1-48C2-B722-4A12D281FBE2}.Debug|Any CPU.Build.0 = Debug|Any CPU
		{2FE8FAF5-02D1-48C2-B722-4A12D281FBE2}.Release|Any CPU.ActiveCfg = Release|Any CPU
		{2FE8FAF5-02D1-48C2-B722-4A12D281FBE2}.Release|Any CPU.Build.0 = Release|Any CPU
		{0DD90372-ECB0-466A-8D4F-8DC989E0A715}.Debug|Any CPU.ActiveCfg = Debug|Any CPU
		{0DD90372-ECB0-466A-8D4F-8DC989E0A715}.Debug|Any CPU.Build.0 = Debug|Any CPU
		{0DD90372-ECB0-466A-8D4F-8DC989E0A715}.Release|Any CPU.ActiveCfg = Release|Any CPU
		{0DD90372-ECB0-466A-8D4F-8DC989E0A715}.Release|Any CPU.Build.0 = Release|Any CPU
		{F0C258B0-0A72-4BA0-9674-4011EEC34F70}.Debug|Any CPU.ActiveCfg = Debug|Any CPU
		{F0C258B0-0A72-4BA0-9674-4011EEC34F70}.Debug|Any CPU.Build.0 = Debug|Any CPU
		{F0C258B0-0A72-4BA0-9674-4011EEC34F70}.Release|Any CPU.ActiveCfg = Release|Any CPU
		{F0C258B0-0A72-4BA0-9674-4011EEC34F70}.Release|Any CPU.Build.0 = Release|Any CPU
	EndGlobalSection
EndGlobal
