
Microsoft Visual Studio Solution File, Format Version 12.00
Project("{FAE04EC0-301F-11D3-BF4B-00C04F79EFBC}") = "ECM.Data", "ECM.Data\ECM.Data.csproj", "{4D054A32-53DF-45EF-94DD-D9C19242825B}"
EndProject
Project("{FAE04EC0-301F-11D3-BF4B-00C04F79EFBC}") = "ECM.Web", "ECM.Web\ECM.Web.csproj", "{2FE8FAF5-02D1-48C2-B722-4A12D281FBE2}"
EndProject
Project("{FAE04EC0-301F-11D3-BF4B-00C04F79EFBC}") = "ECM.Test", "ECM.Test\ECM.Test.csproj", "{0DD90372-ECB0-466A-8D4F-8DC989E0A715}"
EndProject
Project("{FAE04EC0-301F-11D3-BF4B-00C04F79EFBC}") = "ECM.Domain", "ECM.Domain\ECM.Domain.csproj", "{E074F9FB-D814-4906-98FF-A0E9914EDD62}"
EndProject
Project("{FAE04EC0-301F-11D3-BF4B-00C04F79EFBC}") = "ECM.Application", "ECM.Application\ECM.Application.csproj", "{0DEB523B-0030-4E96-B2E4-1C85186F1D16}"
EndProject
Project("{2150E333-8FDC-42A3-9474-1A3956D46DE8}") = "INFRAESTRUCTURE", "INFRAESTRUCTURE", "{C533F3E4-EB5A-43BA-8552-DBEFC13B506D}"
EndProject
Project("{2150E333-8FDC-42A3-9474-1A3956D46DE8}") = "CORE", "CORE", "{D7D389BB-0CCB-44F7-825D-01079857C26F}"
EndProject
Project("{2150E333-8FDC-42A3-9474-1A3956D46DE8}") = "WEB", "WEB", "{9CE01833-8B8B-4345-B3B2-F086ECD4505B}"
EndProject
Project("{2150E333-8FDC-42A3-9474-1A3956D46DE8}") = "TEST", "TEST", "{FEE060F2-4E20-4113-8B71-9263E18E176C}"
EndProject
Global
	GlobalSection(SolutionConfigurationPlatforms) = preSolution
		Debug|Any CPU = Debug|Any CPU
		Release|Any CPU = Release|Any CPU
	EndGlobalSection
	GlobalSection(ProjectConfigurationPlatforms) = postSolution
		{4D054A32-53DF-45EF-94DD-D9C19242825B}.Debug|Any CPU.ActiveCfg = Debug|Any CPU
		{4D054A32-53DF-45EF-94DD-D9C19242825B}.Debug|Any CPU.Build.0 = Debug|Any CPU
		{4D054A32-53DF-45EF-94DD-D9C19242825B}.Release|Any CPU.ActiveCfg = Release|Any CPU
		{4D054A32-53DF-45EF-94DD-D9C19242825B}.Release|Any CPU.Build.0 = Release|Any CPU
		{2FE8FAF5-02D1-48C2-B722-4A12D281FBE2}.Debug|Any CPU.ActiveCfg = Debug|Any CPU
		{2FE8FAF5-02D1-48C2-B722-4A12D281FBE2}.Debug|Any CPU.Build.0 = Debug|Any CPU
		{2FE8FAF5-02D1-48C2-B722-4A12D281FBE2}.Release|Any CPU.ActiveCfg = Release|Any CPU
		{2FE8FAF5-02D1-48C2-B722-4A12D281FBE2}.Release|Any CPU.Build.0 = Release|Any CPU
		{0DD90372-ECB0-466A-8D4F-8DC989E0A715}.Debug|Any CPU.ActiveCfg = Debug|Any CPU
		{0DD90372-ECB0-466A-8D4F-8DC989E0A715}.Debug|Any CPU.Build.0 = Debug|Any CPU
		{0DD90372-ECB0-466A-8D4F-8DC989E0A715}.Release|Any CPU.ActiveCfg = Release|Any CPU
		{0DD90372-ECB0-466A-8D4F-8DC989E0A715}.Release|Any CPU.Build.0 = Release|Any CPU
		{E074F9FB-D814-4906-98FF-A0E9914EDD62}.Debug|Any CPU.ActiveCfg = Debug|Any CPU
		{E074F9FB-D814-4906-98FF-A0E9914EDD62}.Debug|Any CPU.Build.0 = Debug|Any CPU
		{E074F9FB-D814-4906-98FF-A0E9914EDD62}.Release|Any CPU.ActiveCfg = Release|Any CPU
		{E074F9FB-D814-4906-98FF-A0E9914EDD62}.Release|Any CPU.Build.0 = Release|Any CPU
		{0DEB523B-0030-4E96-B2E4-1C85186F1D16}.Debug|Any CPU.ActiveCfg = Debug|Any CPU
		{0DEB523B-0030-4E96-B2E4-1C85186F1D16}.Debug|Any CPU.Build.0 = Debug|Any CPU
		{0DEB523B-0030-4E96-B2E4-1C85186F1D16}.Release|Any CPU.ActiveCfg = Release|Any CPU
		{0DEB523B-0030-4E96-B2E4-1C85186F1D16}.Release|Any CPU.Build.0 = Release|Any CPU
	EndGlobalSection
	GlobalSection(NestedProjects) = preSolution
		{0DEB523B-0030-4E96-B2E4-1C85186F1D16} = {D7D389BB-0CCB-44F7-825D-01079857C26F}
		{E074F9FB-D814-4906-98FF-A0E9914EDD62} = {D7D389BB-0CCB-44F7-825D-01079857C26F}
		{4D054A32-53DF-45EF-94DD-D9C19242825B} = {C533F3E4-EB5A-43BA-8552-DBEFC13B506D}
		{0DD90372-ECB0-466A-8D4F-8DC989E0A715} = {FEE060F2-4E20-4113-8B71-9263E18E176C}
		{2FE8FAF5-02D1-48C2-B722-4A12D281FBE2} = {9CE01833-8B8B-4345-B3B2-F086ECD4505B}
	EndGlobalSection
EndGlobal
